{
  "name": "trello-to-markdown",
  "lockfileVersion": 2,
  "requires": true,
  "packages": {
    "": {
      "dependencies": {
        "trello": "^0.11.0"
      }
    },
    "node_modules/es6-promise": {
      "version": "3.0.2",
      "resolved": "https://registry.npmjs.org/es6-promise/-/es6-promise-3.0.2.tgz",
      "integrity": "sha512-CUD62/uqeE0L+EJeypOKuFfM56CFaH4vo+++J76bff0NkeQ2bBmWVCTNxL2hj9HeCYPkof6Gqea0BSeK17gBzA=="
    },
    "node_modules/iconv-lite": {
      "version": "0.2.11",
      "resolved": "https://registry.npmjs.org/iconv-lite/-/iconv-lite-0.2.11.tgz",
      "integrity": "sha512-KhmFWgaQZY83Cbhi+ADInoUQ8Etn6BG5fikM9syeOjQltvR45h7cRKJ/9uvQEuD61I3Uju77yYce0/LhKVClQw==",
      "engines": {
        "node": ">=0.4.0"
      }
    },
    "node_modules/object-assign": {
      "version": "4.1.1",
      "resolved": "https://registry.npmjs.org/object-assign/-/object-assign-4.1.1.tgz",
      "integrity": "sha512-rJgTQnkUnH1sFw8yT6VSU3zD3sWmu6sZhIseY8VX+GRu3P6F7Fu+JNDoXfklElbLJSnc3FUQHVe4cU5hj+BcUg==",
      "engines": {
        "node": ">=0.10.0"
      }
    },
    "node_modules/qs": {
      "version": "1.2.0",
      "resolved": "https://registry.npmjs.org/qs/-/qs-1.2.0.tgz",
      "integrity": "sha512-XUf0O7rlGjbH+n7uqyT+xn362fmoPe4ehtHL6VK1nbSgQ7CqG0ZZLr1nU2EyXlRq++YphPdQ/5scjIWNMSPnhg=="
    },
    "node_modules/restler": {
      "version": "3.3.0",
      "resolved": "https://registry.npmjs.org/restler/-/restler-3.3.0.tgz",
      "integrity": "sha512-TrnPEY3DJgFJgPd5vJmHpOj0WlAzLcX2eIcAqc/EB/YlgPFz0aMD55GkQN16d3nX0ydlq93lthZWGKyBpVnFEg==",
      "dependencies": {
        "iconv-lite": "0.2.11",
        "qs": "1.2.0",
        "xml2js": "0.4.0",
        "yaml": "0.2.3"
      },
      "engines": {
        "node": ">= 0.10.x"
      }
    },
    "node_modules/sax": {
      "version": "0.5.8",
      "resolved": "https://registry.npmjs.org/sax/-/sax-0.5.8.tgz",
      "integrity": "sha512-c0YL9VcSfcdH3F1Qij9qpYJFpKFKMXNOkLWFssBL3RuF7ZS8oZhllR2rWlCRjDTJsfq3R6wbSsaRU6o0rkEdNw=="
    },
    "node_modules/trello": {
      "version": "0.11.0",
      "resolved": "https://registry.npmjs.org/trello/-/trello-0.11.0.tgz",
      "integrity": "sha512-WMjfSTA+ybGnd36ZoMX7Ia7wfpU9KP2lsafv9mjLwFcE1ECp8b9/rX3uW4ivNO7jVLnHRyQ1pHsirbMvK0Ix2Q==",
      "dependencies": {
        "es6-promise": "~3.0.2",
        "object-assign": "~4.1.0",
        "restler": "~3.3.0"
      },
      "engines": {
        "node": ">= 0.10.x"
      }
    },
    "node_modules/xml2js": {
      "version": "0.4.0",
      "resolved": "https://registry.npmjs.org/xml2js/-/xml2js-0.4.0.tgz",
      "integrity": "sha512-Uo9irqHi4waSloqTJ37nHn/XzbYi8JL/TYzMb+pq8xkINNayVhPTGOh8XWhZTP2WD3dX8Ngm5bGc+7YDnIoYIw==",
      "dependencies": {
        "sax": "0.5.x",
        "xmlbuilder": ">=0.4.2"
      }
    },
    "node_modules/xmlbuilder": {
      "version": "15.1.1",
      "resolved": "https://registry.npmjs.org/xmlbuilder/-/xmlbuilder-15.1.1.tgz",
      "integrity": "sha512-yMqGBqtXyeN1e3TGYvgNgDVZ3j84W4cwkOXQswghol6APgZWaff9lnbvN7MHYJOiXsvGPXtjTYJEiC9J2wv9Eg==",
      "engines": {
        "node": ">=8.0"
      }
    },
    "node_modules/yaml": {
      "version": "0.2.3",
      "resolved": "https://registry.npmjs.org/yaml/-/yaml-0.2.3.tgz",
      "integrity": "sha512-LzdhmhritYCRww8GLH95Sk5A2c18ddRQMeooOUnqWkDUnBbmVfqgg2fXH2MxAHYHCVTHDK1EEbmgItQ8kOpM0Q==",
      "engines": {
        "node": "*"
      }
    }
  },
  "dependencies": {
    "es6-promise": {
      "version": "3.0.2",
      "resolved": "https://registry.npmjs.org/es6-promise/-/es6-promise-3.0.2.tgz",
      "integrity": "sha512-CUD62/uqeE0L+EJeypOKuFfM56CFaH4vo+++J76bff0NkeQ2bBmWVCTNxL2hj9HeCYPkof6Gqea0BSeK17gBzA=="
    },
    "iconv-lite": {
      "version": "0.2.11",
      "resolved": "https://registry.npmjs.org/iconv-lite/-/iconv-lite-0.2.11.tgz",
      "integrity": "sha512-KhmFWgaQZY83Cbhi+ADInoUQ8Etn6BG5fikM9syeOjQltvR45h7cRKJ/9uvQEuD61I3Uju77yYce0/LhKVClQw=="
    },
    "object-assign": {
      "version": "4.1.1",
      "resolved": "https://registry.npmjs.org/object-assign/-/object-assign-4.1.1.tgz",
      "integrity": "sha512-rJgTQnkUnH1sFw8yT6VSU3zD3sWmu6sZhIseY8VX+GRu3P6F7Fu+JNDoXfklElbLJSnc3FUQHVe4cU5hj+BcUg=="
    },
    "qs": {
      "version": "1.2.0",
      "resolved": "https://registry.npmjs.org/qs/-/qs-1.2.0.tgz",
      "integrity": "sha512-XUf0O7rlGjbH+n7uqyT+xn362fmoPe4ehtHL6VK1nbSgQ7CqG0ZZLr1nU2EyXlRq++YphPdQ/5scjIWNMSPnhg=="
    },
    "restler": {
      "version": "3.3.0",
      "resolved": "https://registry.npmjs.org/restler/-/restler-3.3.0.tgz",
      "integrity": "sha512-TrnPEY3DJgFJgPd5vJmHpOj0WlAzLcX2eIcAqc/EB/YlgPFz0aMD55GkQN16d3nX0ydlq93lthZWGKyBpVnFEg==",
      "requires": {
        "iconv-lite": "0.2.11",
        "qs": "1.2.0",
        "xml2js": "0.4.0",
        "yaml": "0.2.3"
      }
    },
    "sax": {
      "version": "0.5.8",
      "resolved": "https://registry.npmjs.org/sax/-/sax-0.5.8.tgz",
      "integrity": "sha512-c0YL9VcSfcdH3F1Qij9qpYJFpKFKMXNOkLWFssBL3RuF7ZS8oZhllR2rWlCRjDTJsfq3R6wbSsaRU6o0rkEdNw=="
    },
    "trello": {
      "version": "0.11.0",
      "resolved": "https://registry.npmjs.org/trello/-/trello-0.11.0.tgz",
      "integrity": "sha512-WMjfSTA+ybGnd36ZoMX7Ia7wfpU9KP2lsafv9mjLwFcE1ECp8b9/rX3uW4ivNO7jVLnHRyQ1pHsirbMvK0Ix2Q==",
      "requires": {
        "es6-promise": "~3.0.2",
        "object-assign": "~4.1.0",
        "restler": "~3.3.0"
      }
    },
    "xml2js": {
      "version": "0.4.0",
      "resolved": "https://registry.npmjs.org/xml2js/-/xml2js-0.4.0.tgz",
      "integrity": "sha512-Uo9irqHi4waSloqTJ37nHn/XzbYi8JL/TYzMb+pq8xkINNayVhPTGOh8XWhZTP2WD3dX8Ngm5bGc+7YDnIoYIw==",
      "requires": {
        "sax": "0.5.x",
        "xmlbuilder": ">=0.4.2"
      }
    },
    "xmlbuilder": {
      "version": "15.1.1",
      "resolved": "https://registry.npmjs.org/xmlbuilder/-/xmlbuilder-15.1.1.tgz",
      "integrity": "sha512-yMqGBqtXyeN1e3TGYvgNgDVZ3j84W4cwkOXQswghol6APgZWaff9lnbvN7MHYJOiXsvGPXtjTYJEiC9J2wv9Eg=="
    },
    "yaml": {
      "version": "0.2.3",
      "resolved": "https://registry.npmjs.org/yaml/-/yaml-0.2.3.tgz",
      "integrity": "sha512-LzdhmhritYCRww8GLH95Sk5A2c18ddRQMeooOUnqWkDUnBbmVfqgg2fXH2MxAHYHCVTHDK1EEbmgItQ8kOpM0Q=="
    }
  }
}
